<?xml version="1.0" encoding="utf-8"?>
<Project ToolsVersion="4.0" xmlns="http://schemas.microsoft.com/developer/msbuild/2003">
  <ItemGroup>
    <Filter Include="src">
      <UniqueIdentifier>{2DAB880B-99B4-887C-2230-9F7C8E38947C}</UniqueIdentifier>
    </Filter>
    <Filter Include="src\Bitty">
      <UniqueIdentifier>{68F0A1B2-D45A-5629-1D99-07CF8942347E}</UniqueIdentifier>
    </Filter>
    <Filter Include="src\Bitty\Events">
      <UniqueIdentifier>{4C1748D1-3810-6723-6142-4CA84D9A462F}</UniqueIdentifier>
    </Filter>
  </ItemGroup>
  <ItemGroup>
    <ClInclude Include="pch.h" />
  </ItemGroup>
  <ItemGroup>
    <ClCompile Include="pch.cpp" />
    <ClCompile Include="src\Bitty\Events\WindowResizeEventTest.cpp">
      <Filter>src\Bitty\Events</Filter>
    </ClCompile>
  </ItemGroup>
  <ItemGroup>
    <None Include="packages.config" />
  </ItemGroup>
</Project>